
Microsoft Visual Studio Solution File, Format Version 12.00
# Visual Studio Version 17
VisualStudioVersion = 17.4.33213.308
MinimumVisualStudioVersion = 10.0.40219.1
Project("{FAE04EC0-301F-11D3-BF4B-00C04F79EFBC}") = "rpg_heros_c", "rpg_heros_c.csproj", "{55D6D928-C00F-4EF9-B42E-3ABE0DE9007B}"
EndProject
Global
	GlobalSection(SolutionConfigurationPlatforms) = preSolution
		Debug|Any CPU = Debug|Any CPU
		Release|Any CPU = Release|Any CPU
	EndGlobalSection
	GlobalSection(ProjectConfigurationPlatforms) = postSolution
		{55D6D928-C00F-4EF9-B42E-3ABE0DE9007B}.Debug|Any CPU.ActiveCfg = Debug|Any CPU
		{55D6D928-C00F-4EF9-B42E-3ABE0DE9007B}.Debug|Any CPU.Build.0 = Debug|Any CPU
		{55D6D928-C00F-4EF9-B42E-3ABE0DE9007B}.Release|Any CPU.ActiveCfg = Release|Any CPU
		{55D6D928-C00F-4EF9-B42E-3ABE0DE9007B}.Release|Any CPU.Build.0 = Release|Any CPU
	EndGlobalSection
	GlobalSection(SolutionProperties) = preSolution
		HideSolutionNode = FALSE
	EndGlobalSection
	GlobalSection(ExtensibilityGlobals) = postSolution
		SolutionGuid = {CF8F80E5-1DE1-4512-A090-E7B6E4E51628}
	EndGlobalSection
EndGlobal
