
Microsoft Visual Studio Solution File, Format Version 12.00
# Visual Studio Version 17
VisualStudioVersion = 17.4.33213.308
MinimumVisualStudioVersion = 10.0.40219.1
Project("{9A19103F-16F7-4668-BE54-9A1E7A4F7556}") = "rpg_heros_c", "rpg_heros_c.csproj", "{55D6D928-C00F-4EF9-B42E-3ABE0DE9007B}"
EndProject
Project("{9A19103F-16F7-4668-BE54-9A1E7A4F7556}") = "rpg_heros_test", "rpg_heros_test\rpg_heros_test.csproj", "{A2F25797-959D-4DD0-B6A6-E4BA799EF7E7}"
EndProject
Global
	GlobalSection(SolutionConfigurationPlatforms) = preSolution
		Debug|Any CPU = Debug|Any CPU
		Release|Any CPU = Release|Any CPU
	EndGlobalSection
	GlobalSection(ProjectConfigurationPlatforms) = postSolution
		{55D6D928-C00F-4EF9-B42E-3ABE0DE9007B}.Debug|Any CPU.ActiveCfg = Debug|Any CPU
		{55D6D928-C00F-4EF9-B42E-3ABE0DE9007B}.Debug|Any CPU.Build.0 = Debug|Any CPU
		{55D6D928-C00F-4EF9-B42E-3ABE0DE9007B}.Release|Any CPU.ActiveCfg = Release|Any CPU
		{55D6D928-C00F-4EF9-B42E-3ABE0DE9007B}.Release|Any CPU.Build.0 = Release|Any CPU
		{A2F25797-959D-4DD0-B6A6-E4BA799EF7E7}.Debug|Any CPU.ActiveCfg = Debug|Any CPU
		{A2F25797-959D-4DD0-B6A6-E4BA799EF7E7}.Debug|Any CPU.Build.0 = Debug|Any CPU
		{A2F25797-959D-4DD0-B6A6-E4BA799EF7E7}.Release|Any CPU.ActiveCfg = Release|Any CPU
		{A2F25797-959D-4DD0-B6A6-E4BA799EF7E7}.Release|Any CPU.Build.0 = Release|Any CPU
	EndGlobalSection
	GlobalSection(SolutionProperties) = preSolution
		HideSolutionNode = FALSE
	EndGlobalSection
	GlobalSection(ExtensibilityGlobals) = postSolution
		SolutionGuid = {CF8F80E5-1DE1-4512-A090-E7B6E4E51628}
	EndGlobalSection
EndGlobal
